
Microsoft Visual Studio Solution File, Format Version 12.00
Project("{FAE04EC0-301F-11D3-BF4B-00C04F79EFBC}") = "FluentSeq", "src\FluentSeq\FluentSeq.csproj", "{759D0BD3-2AB5-4A88-B318-7CB275EE840D}"
EndProject
Project("{FAE04EC0-301F-11D3-BF4B-00C04F79EFBC}") = "UnitTestsFluentSeq", "tests\UnitTestsFluentSeq\UnitTestsFluentSeq.csproj", "{7039BF0C-7FEA-47AE-BAB0-8D8DBAC0AE8F}"
EndProject
Project("{FAE04EC0-301F-11D3-BF4B-00C04F79EFBC}") = "LearningTests", "tests\LearningTests\LearningTests.csproj", "{7ED37A72-703C-47CD-B22E-CA71673A51F9}"
EndProject
Project("{FAE04EC0-301F-11D3-BF4B-00C04F79EFBC}") = "IntegrationTestsFluentSeq", "tests\IntegrationTestsFluentSeq\IntegrationTestsFluentSeq.csproj", "{069AD131-D317-454D-AB40-542D4DD1774E}"
EndProject
Project("{2150E333-8FDC-42A3-9474-1A3956D46DE8}") = "GitHubActions", "GitHubActions", "{218E9547-19A7-4F78-88B4-1484CE19C15F}"
	ProjectSection(SolutionItems) = preProject
		.github\workflows\create-nuget-package.yml = .github\workflows\create-nuget-package.yml
		.github\workflows\run_tests_for_windows.yml.disabled = .github\workflows\run_tests_for_windows.yml.disabled
		.github\workflows\run-tests.yml = .github\workflows\run-tests.yml
	EndProjectSection
EndProject
Global
	GlobalSection(SolutionConfigurationPlatforms) = preSolution
		Debug|Any CPU = Debug|Any CPU
		Release|Any CPU = Release|Any CPU
	EndGlobalSection
	GlobalSection(ProjectConfigurationPlatforms) = postSolution
		{759D0BD3-2AB5-4A88-B318-7CB275EE840D}.Debug|Any CPU.ActiveCfg = Debug|Any CPU
		{759D0BD3-2AB5-4A88-B318-7CB275EE840D}.Debug|Any CPU.Build.0 = Debug|Any CPU
		{759D0BD3-2AB5-4A88-B318-7CB275EE840D}.Release|Any CPU.ActiveCfg = Release|Any CPU
		{759D0BD3-2AB5-4A88-B318-7CB275EE840D}.Release|Any CPU.Build.0 = Release|Any CPU
		{7039BF0C-7FEA-47AE-BAB0-8D8DBAC0AE8F}.Debug|Any CPU.ActiveCfg = Debug|Any CPU
		{7039BF0C-7FEA-47AE-BAB0-8D8DBAC0AE8F}.Debug|Any CPU.Build.0 = Debug|Any CPU
		{7039BF0C-7FEA-47AE-BAB0-8D8DBAC0AE8F}.Release|Any CPU.ActiveCfg = Release|Any CPU
		{7039BF0C-7FEA-47AE-BAB0-8D8DBAC0AE8F}.Release|Any CPU.Build.0 = Release|Any CPU
		{7ED37A72-703C-47CD-B22E-CA71673A51F9}.Debug|Any CPU.ActiveCfg = Debug|Any CPU
		{7ED37A72-703C-47CD-B22E-CA71673A51F9}.Debug|Any CPU.Build.0 = Debug|Any CPU
		{7ED37A72-703C-47CD-B22E-CA71673A51F9}.Release|Any CPU.ActiveCfg = Release|Any CPU
		{7ED37A72-703C-47CD-B22E-CA71673A51F9}.Release|Any CPU.Build.0 = Release|Any CPU
		{069AD131-D317-454D-AB40-542D4DD1774E}.Debug|Any CPU.ActiveCfg = Debug|Any CPU
		{069AD131-D317-454D-AB40-542D4DD1774E}.Debug|Any CPU.Build.0 = Debug|Any CPU
		{069AD131-D317-454D-AB40-542D4DD1774E}.Release|Any CPU.ActiveCfg = Release|Any CPU
		{069AD131-D317-454D-AB40-542D4DD1774E}.Release|Any CPU.Build.0 = Release|Any CPU
	EndGlobalSection
EndGlobal
